
Microsoft Visual Studio Solution File, Format Version 12.00
# Visual Studio 15
VisualStudioVersion = 15.0.27130.2027
MinimumVisualStudioVersion = 10.0.40219.1
Project("{FAE04EC0-301F-11D3-BF4B-00C04F79EFBC}") = "AzureBot_POC", "AzureBot_POC\AzureBot_POC.csproj", "{DA9F2E43-FFE6-4D9A-BAB5-181DC326EFB7}"
EndProject
Project("{FAE04EC0-301F-11D3-BF4B-00C04F79EFBC}") = "AzureBot_Luis", "AzureBot_Luis\AzureBot_Luis.csproj", "{E444E686-181C-40D2-93FF-2E56C7752B78}"
EndProject
Global
	GlobalSection(SolutionConfigurationPlatforms) = preSolution
		Debug|Any CPU = Debug|Any CPU
		Release|Any CPU = Release|Any CPU
	EndGlobalSection
	GlobalSection(ProjectConfigurationPlatforms) = postSolution
		{DA9F2E43-FFE6-4D9A-BAB5-181DC326EFB7}.Debug|Any CPU.ActiveCfg = Debug|Any CPU
		{DA9F2E43-FFE6-4D9A-BAB5-181DC326EFB7}.Debug|Any CPU.Build.0 = Debug|Any CPU
		{DA9F2E43-FFE6-4D9A-BAB5-181DC326EFB7}.Release|Any CPU.ActiveCfg = Release|Any CPU
		{DA9F2E43-FFE6-4D9A-BAB5-181DC326EFB7}.Release|Any CPU.Build.0 = Release|Any CPU
		{E444E686-181C-40D2-93FF-2E56C7752B78}.Debug|Any CPU.ActiveCfg = Debug|Any CPU
		{E444E686-181C-40D2-93FF-2E56C7752B78}.Debug|Any CPU.Build.0 = Debug|Any CPU
		{E444E686-181C-40D2-93FF-2E56C7752B78}.Release|Any CPU.ActiveCfg = Release|Any CPU
		{E444E686-181C-40D2-93FF-2E56C7752B78}.Release|Any CPU.Build.0 = Release|Any CPU
	EndGlobalSection
	GlobalSection(SolutionProperties) = preSolution
		HideSolutionNode = FALSE
	EndGlobalSection
	GlobalSection(ExtensibilityGlobals) = postSolution
		SolutionGuid = {D0F776A1-6968-40C2-BC45-75CB4B7ABF2C}
	EndGlobalSection
EndGlobal
